
Microsoft Visual Studio Solution File, Format Version 12.00
# Visual Studio Version 17
VisualStudioVersion = 17.11.35327.3
MinimumVisualStudioVersion = 10.0.40219.1
Project("{FAE04EC0-301F-11D3-BF4B-00C04F79EFBC}") = "GUI.2(10_10)", "GUI.2(10_10).csproj", "{879D013F-E910-4BF8-AF40-3ED900745F6C}"
EndProject
Project("{FAE04EC0-301F-11D3-BF4B-00C04F79EFBC}") = "BUS.12", "..\BUS.12\BUS.12.csproj", "{C3B778B5-21FF-40C3-B416-437409BD52B1}"
EndProject
Project("{FAE04EC0-301F-11D3-BF4B-00C04F79EFBC}") = "DAL.21", "..\DAL.21\DAL.21.csproj", "{99A35919-F004-4C96-9D4D-A39CB9782042}"
EndProject
Global
	GlobalSection(SolutionConfigurationPlatforms) = preSolution
		Debug|Any CPU = Debug|Any CPU
		Release|Any CPU = Release|Any CPU
	EndGlobalSection
	GlobalSection(ProjectConfigurationPlatforms) = postSolution
		{879D013F-E910-4BF8-AF40-3ED900745F6C}.Debug|Any CPU.ActiveCfg = Debug|Any CPU
		{879D013F-E910-4BF8-AF40-3ED900745F6C}.Debug|Any CPU.Build.0 = Debug|Any CPU
		{879D013F-E910-4BF8-AF40-3ED900745F6C}.Release|Any CPU.ActiveCfg = Release|Any CPU
		{879D013F-E910-4BF8-AF40-3ED900745F6C}.Release|Any CPU.Build.0 = Release|Any CPU
		{C3B778B5-21FF-40C3-B416-437409BD52B1}.Debug|Any CPU.ActiveCfg = Debug|Any CPU
		{C3B778B5-21FF-40C3-B416-437409BD52B1}.Debug|Any CPU.Build.0 = Debug|Any CPU
		{C3B778B5-21FF-40C3-B416-437409BD52B1}.Release|Any CPU.ActiveCfg = Release|Any CPU
		{C3B778B5-21FF-40C3-B416-437409BD52B1}.Release|Any CPU.Build.0 = Release|Any CPU
		{99A35919-F004-4C96-9D4D-A39CB9782042}.Debug|Any CPU.ActiveCfg = Debug|Any CPU
		{99A35919-F004-4C96-9D4D-A39CB9782042}.Debug|Any CPU.Build.0 = Debug|Any CPU
		{99A35919-F004-4C96-9D4D-A39CB9782042}.Release|Any CPU.ActiveCfg = Release|Any CPU
		{99A35919-F004-4C96-9D4D-A39CB9782042}.Release|Any CPU.Build.0 = Release|Any CPU
	EndGlobalSection
	GlobalSection(SolutionProperties) = preSolution
		HideSolutionNode = FALSE
	EndGlobalSection
	GlobalSection(ExtensibilityGlobals) = postSolution
		SolutionGuid = {4FBEF47D-FD5F-4A3B-B986-F2E4E709022A}
	EndGlobalSection
EndGlobal
